# This file is autogenerated, do not edit; changes may be undone by the next 'dep ensure'.


[[projects]]
  name = "github.com/disintegration/gift"
  packages = ["."]
  revision = "6844aa0778953d7137510a1c74f686ae0e556600"
  version = "v1.1.2"

[solve-meta]
  analyzer-name = "dep"
  analyzer-version = 1
  inputs-digest = "89a4034e9e71269b71623b79814b79d886f543a0e2e9212bd7a18972adb39b73"
  solver-name = "gps-cdcl"
  solver-version = 1
